version = 1
revision = 3
requires-python = ">=3.12"

[[package]]
name = "altgraph"
version = "0.17.4"
source = { registry = "https://pkgs.dev.azure.com/Inspirit365/291cb36b-11d7-44b8-9cc7-317627dc6450/_packaging/inspirit365-dp-artifacts/pypi/simple/" }
sdist = { url = "https://pkgs.dev.azure.com/Inspirit365/291cb36b-11d7-44b8-9cc7-317627dc6450/_packaging/a8352924-8236-4137-89f6-428456c77903/pypi/download/altgraph/0.17.4/altgraph-0.17.4.tar.gz", hash = "sha256:1b5afbb98f6c4dcadb2e2ae6ab9fa994bbb8c1d75f4fa96d340f9437ae454406" }
wheels = [
    { url = "https://pkgs.dev.azure.com/Inspirit365/291cb36b-11d7-44b8-9cc7-317627dc6450/_packaging/a8352924-8236-4137-89f6-428456c77903/pypi/download/altgraph/0.17.4/altgraph-0.17.4-py2.py3-none-any.whl", hash = "sha256:642743b4750de17e655e6711601b077bc6598dbfa3ba5fa2b2a35ce12b508dff" },
]

[[package]]
name = "bigbrother"
version = "0.1.0"
source = { virtual = "." }
dependencies = [
    { name = "psutil" },
    { name = "pywin32" },
]

[package.dev-dependencies]
dev = [
    { name = "pillow" },
    { name = "pyinstaller" },
]

[package.metadata]
requires-dist = [
    { name = "psutil", specifier = ">=6.0.0" },
    { name = "pywin32", specifier = ">=306" },
]

[package.metadata.requires-dev]
dev = [
    { name = "pillow", specifier = ">=10.0.0" },
    { name = "pyinstaller", specifier = ">=6.0.0" },
]

[[package]]
name = "macholib"
version = "1.16.3"
source = { registry = "https://pkgs.dev.azure.com/Inspirit365/291cb36b-11d7-44b8-9cc7-317627dc6450/_packaging/inspirit365-dp-artifacts/pypi/simple/" }
dependencies = [
    { name = "altgraph" },
]
sdist = { url = "https://pkgs.dev.azure.com/Inspirit365/291cb36b-11d7-44b8-9cc7-317627dc6450/_packaging/a8352924-8236-4137-89f6-428456c77903/pypi/download/macholib/1.16.3/macholib-1.16.3.tar.gz", hash = "sha256:07ae9e15e8e4cd9a788013d81f5908b3609aa76f9b1421bae9c4d7606ec86a30" }
wheels = [
    { url = "https://pkgs.dev.azure.com/Inspirit365/291cb36b-11d7-44b8-9cc7-317627dc6450/_packaging/a8352924-8236-4137-89f6-428456c77903/pypi/download/macholib/1.16.3/macholib-1.16.3-py2.py3-none-any.whl", hash = "sha256:0e315d7583d38b8c77e815b1ecbdbf504a8258d8b3e17b61165c6feb60d18f2c" },
]

[[package]]
name = "packaging"
version = "25.0"
source = { registry = "https://pkgs.dev.azure.com/Inspirit365/291cb36b-11d7-44b8-9cc7-317627dc6450/_packaging/inspirit365-dp-artifacts/pypi/simple/" }
sdist = { url = "https://pkgs.dev.azure.com/Inspirit365/291cb36b-11d7-44b8-9cc7-317627dc6450/_packaging/a8352924-8236-4137-89f6-428456c77903/pypi/download/packaging/25/packaging-25.0.tar.gz", hash = "sha256:d443872c98d677bf60f6a1f2f8c1cb748e8fe762d2bf9d3148b5599295b0fc4f" }
wheels = [
    { url = "https://pkgs.dev.azure.com/Inspirit365/291cb36b-11d7-44b8-9cc7-317627dc6450/_packaging/a8352924-8236-4137-89f6-428456c77903/pypi/download/packaging/25/packaging-25.0-py3-none-any.whl", hash = "sha256:29572ef2b1f17581046b3a2227d5c611fb25ec70ca1ba8554b24b0e69331a484" },
]

[[package]]
name = "pefile"
version = "2023.2.7"
source = { registry = "https://pkgs.dev.azure.com/Inspirit365/291cb36b-11d7-44b8-9cc7-317627dc6450/_packaging/inspirit365-dp-artifacts/pypi/simple/" }
sdist = { url = "https://pkgs.dev.azure.com/Inspirit365/291cb36b-11d7-44b8-9cc7-317627dc6450/_packaging/a8352924-8236-4137-89f6-428456c77903/pypi/download/pefile/2023.2.7/pefile-2023.2.7.tar.gz", hash = "sha256:82e6114004b3d6911c77c3953e3838654b04511b8b66e8583db70c65998017dc" }
wheels = [
    { url = "https://pkgs.dev.azure.com/Inspirit365/291cb36b-11d7-44b8-9cc7-317627dc6450/_packaging/a8352924-8236-4137-89f6-428456c77903/pypi/download/pefile/2023.2.7/pefile-2023.2.7-py3-none-any.whl", hash = "sha256:da185cd2af68c08a6cd4481f7325ed600a88f6a813bad9dea07ab3ef73d8d8d6" },
]

[[package]]
name = "pillow"
version = "12.0.0"
source = { registry = "https://pkgs.dev.azure.com/Inspirit365/291cb36b-11d7-44b8-9cc7-317627dc6450/_packaging/inspirit365-dp-artifacts/pypi/simple/" }
sdist = { url = "https://pkgs.dev.azure.com/Inspirit365/291cb36b-11d7-44b8-9cc7-317627dc6450/_packaging/a8352924-8236-4137-89f6-428456c77903/pypi/download/pillow/12/pillow-12.0.0.tar.gz", hash = "sha256:87d4f8125c9988bfbed67af47dd7a953e2fc7b0cc1e7800ec6d2080d490bb353" }
wheels = [
    { url = "https://pkgs.dev.azure.com/Inspirit365/291cb36b-11d7-44b8-9cc7-317627dc6450/_packaging/a8352924-8236-4137-89f6-428456c77903/pypi/download/pillow/12/pillow-12.0.0-cp312-cp312-macosx_10_13_x86_64.whl", hash = "sha256:53561a4ddc36facb432fae7a9d8afbfaf94795414f5cdc5fc52f28c1dca90371" },
    { url = "https://pkgs.dev.azure.com/Inspirit365/291cb36b-11d7-44b8-9cc7-317627dc6450/_packaging/a8352924-8236-4137-89f6-428456c77903/pypi/download/pillow/12/pillow-12.0.0-cp312-cp312-macosx_11_0_arm64.whl", hash = "sha256:71db6b4c1653045dacc1585c1b0d184004f0d7e694c7b34ac165ca70c0838082" },
    { url = "https://pkgs.dev.azure.com/Inspirit365/291cb36b-11d7-44b8-9cc7-317627dc6450/_packaging/a8352924-8236-4137-89f6-428456c77903/pypi/download/pillow/12/pillow-12.0.0-cp312-cp312-manylinux2014_aarch64.manylinux_2_17_aarch64.whl", hash = "sha256:2fa5f0b6716fc88f11380b88b31fe591a06c6315e955c096c35715788b339e3f" },
    { url = "https://pkgs.dev.azure.com/Inspirit365/291cb36b-11d7-44b8-9cc7-317627dc6450/_packaging/a8352924-8236-4137-89f6-428456c77903/pypi/download/pillow/12/pillow-12.0.0-cp312-cp312-manylinux2014_x86_64.manylinux_2_17_x86_64.whl", hash = "sha256:82240051c6ca513c616f7f9da06e871f61bfd7805f566275841af15015b8f98d" },
    { url = "https://pkgs.dev.azure.com/Inspirit365/291cb36b-11d7-44b8-9cc7-317627dc6450/_packaging/a8352924-8236-4137-89f6-428456c77903/pypi/download/pillow/12/pillow-12.0.0-cp312-cp312-manylinux_2_27_aarch64.manylinux_2_28_aarch64.whl", hash = "sha256:55f818bd74fe2f11d4d7cbc65880a843c4075e0ac7226bc1a23261dbea531953" },
    { url = "https://pkgs.dev.azure.com/Inspirit365/291cb36b-11d7-44b8-9cc7-317627dc6450/_packaging/a8352924-8236-4137-89f6-428456c77903/pypi/download/pillow/12/pillow-12.0.0-cp312-cp312-manylinux_2_27_x86_64.manylinux_2_28_x86_64.whl", hash = "sha256:b87843e225e74576437fd5b6a4c2205d422754f84a06942cfaf1dc32243e45a8" },
    { url = "https://pkgs.dev.azure.com/Inspirit365/291cb36b-11d7-44b8-9cc7-317627dc6450/_packaging/a8352924-8236-4137-89f6-428456c77903/pypi/download/pillow/12/pillow-12.0.0-cp312-cp312-musllinux_1_2_aarch64.whl", hash = "sha256:c607c90ba67533e1b2355b821fef6764d1dd2cbe26b8c1005ae84f7aea25ff79" },
    { url = "https://pkgs.dev.azure.com/Inspirit365/291cb36b-11d7-44b8-9cc7-317627dc6450/_packaging/a8352924-8236-4137-89f6-428456c77903/pypi/download/pillow/12/pillow-12.0.0-cp312-cp312-musllinux_1_2_x86_64.whl", hash = "sha256:21f241bdd5080a15bc86d3466a9f6074a9c2c2b314100dd896ac81ee6db2f1ba" },
    { url = "https://pkgs.dev.azure.com/Inspirit365/291cb36b-11d7-44b8-9cc7-317627dc6450/_packaging/a8352924-8236-4137-89f6-428456c77903/pypi/download/pillow/12/pillow-12.0.0-cp312-cp312-win32.whl", hash = "sha256:dd333073e0cacdc3089525c7df7d39b211bcdf31fc2824e49d01c6b6187b07d0" },
    { url = "https://pkgs.dev.azure.com/Inspirit365/291cb36b-11d7-44b8-9cc7-317627dc6450/_packaging/a8352924-8236-4137-89f6-428456c77903/pypi/download/pillow/12/pillow-12.0.0-cp312-cp312-win_amd64.whl", hash = "sha256:9fe611163f6303d1619bbcb653540a4d60f9e55e622d60a3108be0d5b441017a" },
    { url = "https://pkgs.dev.azure.com/Inspirit365/291cb36b-11d7-44b8-9cc7-317627dc6450/_packaging/a8352924-8236-4137-89f6-428456c77903/pypi/download/pillow/12/pillow-12.0.0-cp312-cp312-win_arm64.whl", hash = "sha256:7dfb439562f234f7d57b1ac6bc8fe7f838a4bd49c79230e0f6a1da93e82f1fad" },
    { url = "https://pkgs.dev.azure.com/Inspirit365/291cb36b-11d7-44b8-9cc7-317627dc6450/_packaging/a8352924-8236-4137-89f6-428456c77903/pypi/download/pillow/12/pillow-12.0.0-cp313-cp313-ios_13_0_arm64_iphoneos.whl", hash = "sha256:0869154a2d0546545cde61d1789a6524319fc1897d9ee31218eae7a60ccc5643" },
    { url = "https://pkgs.dev.azure.com/Inspirit365/291cb36b-11d7-44b8-9cc7-317627dc6450/_packaging/a8352924-8236-4137-89f6-428456c77903/pypi/download/pillow/12/pillow-12.0.0-cp313-cp313-ios_13_0_arm64_iphonesimulator.whl", hash = "sha256:a7921c5a6d31b3d756ec980f2f47c0cfdbce0fc48c22a39347a895f41f4a6ea4" },
    { url = "https://pkgs.dev.azure.com/Inspirit365/291cb36b-11d7-44b8-9cc7-317627dc6450/_packaging/a8352924-8236-4137-89f6-428456c77903/pypi/download/pillow/12/pillow-12.0.0-cp313-cp313-ios_13_0_x86_64_iphonesimulator.whl", hash = "sha256:1ee80a59f6ce048ae13cda1abf7fbd2a34ab9ee7d401c46be3ca685d1999a399" },
    { url = "https://pkgs.dev.azure.com/Inspirit365/291cb36b-11d7-44b8-9cc7-317627dc6450/_packaging/a8352924-8236-4137-89f6-428456c77903/pypi/download/pillow/12/pillow-12.0.0-cp313-cp313-macosx_10_13_x86_64.whl", hash = "sha256:c50f36a62a22d350c96e49ad02d0da41dbd17ddc2e29750dbdba4323f85eb4a5" },
    { url = "https://pkgs.dev.azure.com/Inspirit365/291cb36b-11d7-44b8-9cc7-317627dc6450/_packaging/a8352924-8236-4137-89f6-428456c77903/pypi/download/pillow/12/pillow-12.0.0-cp313-cp313-macosx_11_0_arm64.whl", hash = "sha256:5193fde9a5f23c331ea26d0cf171fbf67e3f247585f50c08b3e205c7aeb4589b" },
    { url = "https://pkgs.dev.azure.com/Inspirit365/291cb36b-11d7-44b8-9cc7-317627dc6450/_packaging/a8352924-8236-4137-89f6-428456c77903/pypi/download/pillow/12/pillow-12.0.0-cp313-cp313-manylinux2014_aarch64.manylinux_2_17_aarch64.whl", hash = "sha256:bde737cff1a975b70652b62d626f7785e0480918dece11e8fef3c0cf057351c3" },
    { url = "https://pkgs.dev.azure.com/Inspirit365/291cb36b-11d7-44b8-9cc7-317627dc6450/_packaging/a8352924-8236-4137-89f6-428456c77903/pypi/download/pillow/12/pillow-12.0.0-cp313-cp313-manylinux2014_x86_64.manylinux_2_17_x86_64.whl", hash = "sha256:a6597ff2b61d121172f5844b53f21467f7082f5fb385a9a29c01414463f93b07" },
    { url = "https://pkgs.dev.azure.com/Inspirit365/291cb36b-11d7-44b8-9cc7-317627dc6450/_packaging/a8352924-8236-4137-89f6-428456c77903/pypi/download/pillow/12/pillow-12.0.0-cp313-cp313-manylinux_2_27_aarch64.manylinux_2_28_aarch64.whl", hash = "sha256:0b817e7035ea7f6b942c13aa03bb554fc44fea70838ea21f8eb31c638326584e" },
    { url = "https://pkgs.dev.azure.com/Inspirit365/291cb36b-11d7-44b8-9cc7-317627dc6450/_packaging/a8352924-8236-4137-89f6-428456c77903/pypi/download/pillow/12/pillow-12.0.0-cp313-cp313-manylinux_2_27_x86_64.manylinux_2_28_x86_64.whl", hash = "sha256:f4f1231b7dec408e8670264ce63e9c71409d9583dd21d32c163e25213ee2a344" },
    { url = "https://pkgs.dev.azure.com/Inspirit365/291cb36b-11d7-44b8-9cc7-317627dc6450/_packaging/a8352924-8236-4137-89f6-428456c77903/pypi/download/pillow/12/pillow-12.0.0-cp313-cp313-musllinux_1_2_aarch64.whl", hash = "sha256:6e51b71417049ad6ab14c49608b4a24d8fb3fe605e5dfabfe523b58064dc3d27" },
    { url = "https://pkgs.dev.azure.com/Inspirit365/291cb36b-11d7-44b8-9cc7-317627dc6450/_packaging/a8352924-8236-4137-89f6-428456c77903/pypi/download/pillow/12/pillow-12.0.0-cp313-cp313-musllinux_1_2_x86_64.whl", hash = "sha256:d120c38a42c234dc9a8c5de7ceaaf899cf33561956acb4941653f8bdc657aa79" },
    { url = "https://pkgs.dev.azure.com/Inspirit365/291cb36b-11d7-44b8-9cc7-317627dc6450/_packaging/a8352924-8236-4137-89f6-428456c77903/pypi/download/pillow/12/pillow-12.0.0-cp313-cp313-win32.whl", hash = "sha256:4cc6b3b2efff105c6a1656cfe59da4fdde2cda9af1c5e0b58529b24525d0a098" },
    { url = "https://pkgs.dev.azure.com/Inspirit365/291cb36b-11d7-44b8-9cc7-317627dc6450/_packaging/a8352924-8236-4137-89f6-428456c77903/pypi/download/pillow/12/pillow-12.0.0-cp313-cp313-win_amd64.whl", hash = "sha256:4cf7fed4b4580601c4345ceb5d4cbf5a980d030fd5ad07c4d2ec589f95f09905" },
    { url = "https://pkgs.dev.azure.com/Inspirit365/291cb36b-11d7-44b8-9cc7-317627dc6450/_packaging/a8352924-8236-4137-89f6-428456c77903/pypi/download/pillow/12/pillow-12.0.0-cp313-cp313-win_arm64.whl", hash = "sha256:9f0b04c6b8584c2c193babcccc908b38ed29524b29dd464bc8801bf10d746a3a" },
    { url = "https://pkgs.dev.azure.com/Inspirit365/291cb36b-11d7-44b8-9cc7-317627dc6450/_packaging/a8352924-8236-4137-89f6-428456c77903/pypi/download/pillow/12/pillow-12.0.0-cp313-cp313t-macosx_10_13_x86_64.whl", hash = "sha256:7fa22993bac7b77b78cae22bad1e2a987ddf0d9015c63358032f84a53f23cdc3" },
    { url = "https://pkgs.dev.azure.com/Inspirit365/291cb36b-11d7-44b8-9cc7-317627dc6450/_packaging/a8352924-8236-4137-89f6-428456c77903/pypi/download/pillow/12/pillow-12.0.0-cp313-cp313t-macosx_11_0_arm64.whl", hash = "sha256:f135c702ac42262573fe9714dfe99c944b4ba307af5eb507abef1667e2cbbced" },
    { url = "https://pkgs.dev.azure.com/Inspirit365/291cb36b-11d7-44b8-9cc7-317627dc6450/_packaging/a8352924-8236-4137-89f6-428456c77903/pypi/download/pillow/12/pillow-12.0.0-cp313-cp313t-manylinux2014_aarch64.manylinux_2_17_aarch64.whl", hash = "sha256:c85de1136429c524e55cfa4e033b4a7940ac5c8ee4d9401cc2d1bf48154bbc7b" },
    { url = "https://pkgs.dev.azure.com/Inspirit365/291cb36b-11d7-44b8-9cc7-317627dc6450/_packaging/a8352924-8236-4137-89f6-428456c77903/pypi/download/pillow/12/pillow-12.0.0-cp313-cp313t-manylinux2014_x86_64.manylinux_2_17_x86_64.whl", hash = "sha256:38df9b4bfd3db902c9c2bd369bcacaf9d935b2fff73709429d95cc41554f7b3d" },
    { url = "https://pkgs.dev.azure.com/Inspirit365/291cb36b-11d7-44b8-9cc7-317627dc6450/_packaging/a8352924-8236-4137-89f6-428456c77903/pypi/download/pillow/12/pillow-12.0.0-cp313-cp313t-manylinux_2_27_aarch64.manylinux_2_28_aarch64.whl", hash = "sha256:7d87ef5795da03d742bf49439f9ca4d027cde49c82c5371ba52464aee266699a" },
    { url = "https://pkgs.dev.azure.com/Inspirit365/291cb36b-11d7-44b8-9cc7-317627dc6450/_packaging/a8352924-8236-4137-89f6-428456c77903/pypi/download/pillow/12/pillow-12.0.0-cp313-cp313t-manylinux_2_27_x86_64.manylinux_2_28_x86_64.whl", hash = "sha256:aff9e4d82d082ff9513bdd6acd4f5bd359f5b2c870907d2b0a9c5e10d40c88fe" },
    { url = "https://pkgs.dev.azure.com/Inspirit365/291cb36b-11d7-44b8-9cc7-317627dc6450/_packaging/a8352924-8236-4137-89f6-428456c77903/pypi/download/pillow/12/pillow-12.0.0-cp313-cp313t-musllinux_1_2_aarch64.whl", hash = "sha256:8d8ca2b210ada074d57fcee40c30446c9562e542fc46aedc19baf758a93532ee" },
    { url = "https://pkgs.dev.azure.com/Inspirit365/291cb36b-11d7-44b8-9cc7-317627dc6450/_packaging/a8352924-8236-4137-89f6-428456c77903/pypi/download/pillow/12/pillow-12.0.0-cp313-cp313t-musllinux_1_2_x86_64.whl", hash = "sha256:99a7f72fb6249302aa62245680754862a44179b545ded638cf1fef59befb57ef" },
    { url = "https://pkgs.dev.azure.com/Inspirit365/291cb36b-11d7-44b8-9cc7-317627dc6450/_packaging/a8352924-8236-4137-89f6-428456c77903/pypi/download/pillow/12/pillow-12.0.0-cp313-cp313t-win32.whl", hash = "sha256:4078242472387600b2ce8d93ade8899c12bf33fa89e55ec89fe126e9d6d5d9e9" },
    { url = "https://pkgs.dev.azure.com/Inspirit365/291cb36b-11d7-44b8-9cc7-317627dc6450/_packaging/a8352924-8236-4137-89f6-428456c77903/pypi/download/pillow/12/pillow-12.0.0-cp313-cp313t-win_amd64.whl", hash = "sha256:2c54c1a783d6d60595d3514f0efe9b37c8808746a66920315bfd34a938d7994b" },
    { url = "https://pkgs.dev.azure.com/Inspirit365/291cb36b-11d7-44b8-9cc7-317627dc6450/_packaging/a8352924-8236-4137-89f6-428456c77903/pypi/download/pillow/12/pillow-12.0.0-cp313-cp313t-win_arm64.whl", hash = "sha256:26d9f7d2b604cd23aba3e9faf795787456ac25634d82cd060556998e39c6fa47" },
    { url = "https://pkgs.dev.azure.com/Inspirit365/291cb36b-11d7-44b8-9cc7-317627dc6450/_packaging/a8352924-8236-4137-89f6-428456c77903/pypi/download/pillow/12/pillow-12.0.0-cp314-cp314-ios_13_0_arm64_iphoneos.whl", hash = "sha256:beeae3f27f62308f1ddbcfb0690bf44b10732f2ef43758f169d5e9303165d3f9" },
    { url = "https://pkgs.dev.azure.com/Inspirit365/291cb36b-11d7-44b8-9cc7-317627dc6450/_packaging/a8352924-8236-4137-89f6-428456c77903/pypi/download/pillow/12/pillow-12.0.0-cp314-cp314-ios_13_0_arm64_iphonesimulator.whl", hash = "sha256:d4827615da15cd59784ce39d3388275ec093ae3ee8d7f0c089b76fa87af756c2" },
    { url = "https://pkgs.dev.azure.com/Inspirit365/291cb36b-11d7-44b8-9cc7-317627dc6450/_packaging/a8352924-8236-4137-89f6-428456c77903/pypi/download/pillow/12/pillow-12.0.0-cp314-cp314-ios_13_0_x86_64_iphonesimulator.whl", hash = "sha256:3e42edad50b6909089750e65c91aa09aaf1e0a71310d383f11321b27c224ed8a" },
    { url = "https://pkgs.dev.azure.com/Inspirit365/291cb36b-11d7-44b8-9cc7-317627dc6450/_packaging/a8352924-8236-4137-89f6-428456c77903/pypi/download/pillow/12/pillow-12.0.0-cp314-cp314-macosx_10_15_x86_64.whl", hash = "sha256:e5d8efac84c9afcb40914ab49ba063d94f5dbdf5066db4482c66a992f47a3a3b" },
    { url = "https://pkgs.dev.azure.com/Inspirit365/291cb36b-11d7-44b8-9cc7-317627dc6450/_packaging/a8352924-8236-4137-89f6-428456c77903/pypi/download/pillow/12/pillow-12.0.0-cp314-cp314-macosx_11_0_arm64.whl", hash = "sha256:266cd5f2b63ff316d5a1bba46268e603c9caf5606d44f38c2873c380950576ad" },
    { url = "https://pkgs.dev.azure.com/Inspirit365/291cb36b-11d7-44b8-9cc7-317627dc6450/_packaging/a8352924-8236-4137-89f6-428456c77903/pypi/download/pillow/12/pillow-12.0.0-cp314-cp314-manylinux2014_aarch64.manylinux_2_17_aarch64.whl", hash = "sha256:58eea5ebe51504057dd95c5b77d21700b77615ab0243d8152793dc00eb4faf01" },
    { url = "https://pkgs.dev.azure.com/Inspirit365/291cb36b-11d7-44b8-9cc7-317627dc6450/_packaging/a8352924-8236-4137-89f6-428456c77903/pypi/download/pillow/12/pillow-12.0.0-cp314-cp314-manylinux2014_x86_64.manylinux_2_17_x86_64.whl", hash = "sha256:f13711b1a5ba512d647a0e4ba79280d3a9a045aaf7e0cc6fbe96b91d4cdf6b0c" },
    { url = "https://pkgs.dev.azure.com/Inspirit365/291cb36b-11d7-44b8-9cc7-317627dc6450/_packaging/a8352924-8236-4137-89f6-428456c77903/pypi/download/pillow/12/pillow-12.0.0-cp314-cp314-manylinux_2_27_aarch64.manylinux_2_28_aarch64.whl", hash = "sha256:6846bd2d116ff42cba6b646edf5bf61d37e5cbd256425fa089fee4ff5c07a99e" },
    { url = "https://pkgs.dev.azure.com/Inspirit365/291cb36b-11d7-44b8-9cc7-317627dc6450/_packaging/a8352924-8236-4137-89f6-428456c77903/pypi/download/pillow/12/pillow-12.0.0-cp314-cp314-manylinux_2_27_x86_64.manylinux_2_28_x86_64.whl", hash = "sha256:c98fa880d695de164b4135a52fd2e9cd7b7c90a9d8ac5e9e443a24a95ef9248e" },
    { url = "https://pkgs.dev.azure.com/Inspirit365/291cb36b-11d7-44b8-9cc7-317627dc6450/_packaging/a8352924-8236-4137-89f6-428456c77903/pypi/download/pillow/12/pillow-12.0.0-cp314-cp314-musllinux_1_2_aarch64.whl", hash = "sha256:fa3ed2a29a9e9d2d488b4da81dcb54720ac3104a20bf0bd273f1e4648aff5af9" },
    { url = "https://pkgs.dev.azure.com/Inspirit365/291cb36b-11d7-44b8-9cc7-317627dc6450/_packaging/a8352924-8236-4137-89f6-428456c77903/pypi/download/pillow/12/pillow-12.0.0-cp314-cp314-musllinux_1_2_x86_64.whl", hash = "sha256:d034140032870024e6b9892c692fe2968493790dd57208b2c37e3fb35f6df3ab" },
    { url = "https://pkgs.dev.azure.com/Inspirit365/291cb36b-11d7-44b8-9cc7-317627dc6450/_packaging/a8352924-8236-4137-89f6-428456c77903/pypi/download/pillow/12/pillow-12.0.0-cp314-cp314-win32.whl", hash = "sha256:1b1b133e6e16105f524a8dec491e0586d072948ce15c9b914e41cdadd209052b" },
    { url = "https://pkgs.dev.azure.com/Inspirit365/291cb36b-11d7-44b8-9cc7-317627dc6450/_packaging/a8352924-8236-4137-89f6-428456c77903/pypi/download/pillow/12/pillow-12.0.0-cp314-cp314-win_amd64.whl", hash = "sha256:8dc232e39d409036af549c86f24aed8273a40ffa459981146829a324e0848b4b" },
    { url = "https://pkgs.dev.azure.com/Inspirit365/291cb36b-11d7-44b8-9cc7-317627dc6450/_packaging/a8352924-8236-4137-89f6-428456c77903/pypi/download/pillow/12/pillow-12.0.0-cp314-cp314-win_arm64.whl", hash = "sha256:d52610d51e265a51518692045e372a4c363056130d922a7351429ac9f27e70b0" },
    { url = "https://pkgs.dev.azure.com/Inspirit365/291cb36b-11d7-44b8-9cc7-317627dc6450/_packaging/a8352924-8236-4137-89f6-428456c77903/pypi/download/pillow/12/pillow-12.0.0-cp314-cp314t-macosx_10_15_x86_64.whl", hash = "sha256:1979f4566bb96c1e50a62d9831e2ea2d1211761e5662afc545fa766f996632f6" },
    { url = "https://pkgs.dev.azure.com/Inspirit365/291cb36b-11d7-44b8-9cc7-317627dc6450/_packaging/a8352924-8236-4137-89f6-428456c77903/pypi/download/pillow/12/pillow-12.0.0-cp314-cp314t-macosx_11_0_arm64.whl", hash = "sha256:b2e4b27a6e15b04832fe9bf292b94b5ca156016bbc1ea9c2c20098a0320d6cf6" },
    { url = "https://pkgs.dev.azure.com/Inspirit365/291cb36b-11d7-44b8-9cc7-317627dc6450/_packaging/a8352924-8236-4137-89f6-428456c77903/pypi/download/pillow/12/pillow-12.0.0-cp314-cp314t-manylinux2014_aarch64.manylinux_2_17_aarch64.whl", hash = "sha256:fb3096c30df99fd01c7bf8e544f392103d0795b9f98ba71a8054bcbf56b255f1" },
    { url = "https://pkgs.dev.azure.com/Inspirit365/291cb36b-11d7-44b8-9cc7-317627dc6450/_packaging/a8352924-8236-4137-89f6-428456c77903/pypi/download/pillow/12/pillow-12.0.0-cp314-cp314t-manylinux2014_x86_64.manylinux_2_17_x86_64.whl", hash = "sha256:7438839e9e053ef79f7112c881cef684013855016f928b168b81ed5835f3e75e" },
    { url = "https://pkgs.dev.azure.com/Inspirit365/291cb36b-11d7-44b8-9cc7-317627dc6450/_packaging/a8352924-8236-4137-89f6-428456c77903/pypi/download/pillow/12/pillow-12.0.0-cp314-cp314t-manylinux_2_27_aarch64.manylinux_2_28_aarch64.whl", hash = "sha256:5d5c411a8eaa2299322b647cd932586b1427367fd3184ffbb8f7a219ea2041ca" },
    { url = "https://pkgs.dev.azure.com/Inspirit365/291cb36b-11d7-44b8-9cc7-317627dc6450/_packaging/a8352924-8236-4137-89f6-428456c77903/pypi/download/pillow/12/pillow-12.0.0-cp314-cp314t-manylinux_2_27_x86_64.manylinux_2_28_x86_64.whl", hash = "sha256:d7e091d464ac59d2c7ad8e7e08105eaf9dafbc3883fd7265ffccc2baad6ac925" },
    { url = "https://pkgs.dev.azure.com/Inspirit365/291cb36b-11d7-44b8-9cc7-317627dc6450/_packaging/a8352924-8236-4137-89f6-428456c77903/pypi/download/pillow/12/pillow-12.0.0-cp314-cp314t-musllinux_1_2_aarch64.whl", hash = "sha256:792a2c0be4dcc18af9d4a2dfd8a11a17d5e25274a1062b0ec1c2d79c76f3e7f8" },
    { url = "https://pkgs.dev.azure.com/Inspirit365/291cb36b-11d7-44b8-9cc7-317627dc6450/_packaging/a8352924-8236-4137-89f6-428456c77903/pypi/download/pillow/12/pillow-12.0.0-cp314-cp314t-musllinux_1_2_x86_64.whl", hash = "sha256:afbefa430092f71a9593a99ab6a4e7538bc9eabbf7bf94f91510d3503943edc4" },
    { url = "https://pkgs.dev.azure.com/Inspirit365/291cb36b-11d7-44b8-9cc7-317627dc6450/_packaging/a8352924-8236-4137-89f6-428456c77903/pypi/download/pillow/12/pillow-12.0.0-cp314-cp314t-win32.whl", hash = "sha256:3830c769decf88f1289680a59d4f4c46c72573446352e2befec9a8512104fa52" },
    { url = "https://pkgs.dev.azure.com/Inspirit365/291cb36b-11d7-44b8-9cc7-317627dc6450/_packaging/a8352924-8236-4137-89f6-428456c77903/pypi/download/pillow/12/pillow-12.0.0-cp314-cp314t-win_amd64.whl", hash = "sha256:905b0365b210c73afb0ebe9101a32572152dfd1c144c7e28968a331b9217b94a" },
    { url = "https://pkgs.dev.azure.com/Inspirit365/291cb36b-11d7-44b8-9cc7-317627dc6450/_packaging/a8352924-8236-4137-89f6-428456c77903/pypi/download/pillow/12/pillow-12.0.0-cp314-cp314t-win_arm64.whl", hash = "sha256:99353a06902c2e43b43e8ff74ee65a7d90307d82370604746738a1e0661ccca7" },
]

[[package]]
name = "psutil"
version = "7.1.3"
source = { registry = "https://pkgs.dev.azure.com/Inspirit365/291cb36b-11d7-44b8-9cc7-317627dc6450/_packaging/inspirit365-dp-artifacts/pypi/simple/" }
sdist = { url = "https://pkgs.dev.azure.com/Inspirit365/291cb36b-11d7-44b8-9cc7-317627dc6450/_packaging/a8352924-8236-4137-89f6-428456c77903/pypi/download/psutil/7.1.3/psutil-7.1.3.tar.gz", hash = "sha256:6c86281738d77335af7aec228328e944b30930899ea760ecf33a4dba66be5e74" }
wheels = [
    { url = "https://pkgs.dev.azure.com/Inspirit365/291cb36b-11d7-44b8-9cc7-317627dc6450/_packaging/a8352924-8236-4137-89f6-428456c77903/pypi/download/psutil/7.1.3/psutil-7.1.3-cp313-cp313t-macosx_10_13_x86_64.whl", hash = "sha256:0005da714eee687b4b8decd3d6cc7c6db36215c9e74e5ad2264b90c3df7d92dc" },
    { url = "https://pkgs.dev.azure.com/Inspirit365/291cb36b-11d7-44b8-9cc7-317627dc6450/_packaging/a8352924-8236-4137-89f6-428456c77903/pypi/download/psutil/7.1.3/psutil-7.1.3-cp313-cp313t-macosx_11_0_arm64.whl", hash = "sha256:19644c85dcb987e35eeeaefdc3915d059dac7bd1167cdcdbf27e0ce2df0c08c0" },
    { url = "https://pkgs.dev.azure.com/Inspirit365/291cb36b-11d7-44b8-9cc7-317627dc6450/_packaging/a8352924-8236-4137-89f6-428456c77903/pypi/download/psutil/7.1.3/psutil-7.1.3-cp313-cp313t-manylinux2010_x86_64.manylinux_2_12_x86_64.manylinux_2_28_x86_64.whl", hash = "sha256:95ef04cf2e5ba0ab9eaafc4a11eaae91b44f4ef5541acd2ee91d9108d00d59a7" },
    { url = "https://pkgs.dev.azure.com/Inspirit365/291cb36b-11d7-44b8-9cc7-317627dc6450/_packaging/a8352924-8236-4137-89f6-428456c77903/pypi/download/psutil/7.1.3/psutil-7.1.3-cp313-cp313t-manylinux2014_aarch64.manylinux_2_17_aarch64.manylinux_2_28_aarch64.whl", hash = "sha256:1068c303be3a72f8e18e412c5b2a8f6d31750fb152f9cb106b54090296c9d251" },
    { url = "https://pkgs.dev.azure.com/Inspirit365/291cb36b-11d7-44b8-9cc7-317627dc6450/_packaging/a8352924-8236-4137-89f6-428456c77903/pypi/download/psutil/7.1.3/psutil-7.1.3-cp313-cp313t-win_amd64.whl", hash = "sha256:18349c5c24b06ac5612c0428ec2a0331c26443d259e2a0144a9b24b4395b58fa" },
    { url = "https://pkgs.dev.azure.com/Inspirit365/291cb36b-11d7-44b8-9cc7-317627dc6450/_packaging/a8352924-8236-4137-89f6-428456c77903/pypi/download/psutil/7.1.3/psutil-7.1.3-cp313-cp313t-win_arm64.whl", hash = "sha256:c525ffa774fe4496282fb0b1187725793de3e7c6b29e41562733cae9ada151ee" },
    { url = "https://pkgs.dev.azure.com/Inspirit365/291cb36b-11d7-44b8-9cc7-317627dc6450/_packaging/a8352924-8236-4137-89f6-428456c77903/pypi/download/psutil/7.1.3/psutil-7.1.3-cp314-cp314t-macosx_10_15_x86_64.whl", hash = "sha256:b403da1df4d6d43973dc004d19cee3b848e998ae3154cc8097d139b77156c353" },
    { url = "https://pkgs.dev.azure.com/Inspirit365/291cb36b-11d7-44b8-9cc7-317627dc6450/_packaging/a8352924-8236-4137-89f6-428456c77903/pypi/download/psutil/7.1.3/psutil-7.1.3-cp314-cp314t-macosx_11_0_arm64.whl", hash = "sha256:ad81425efc5e75da3f39b3e636293360ad8d0b49bed7df824c79764fb4ba9b8b" },
    { url = "https://pkgs.dev.azure.com/Inspirit365/291cb36b-11d7-44b8-9cc7-317627dc6450/_packaging/a8352924-8236-4137-89f6-428456c77903/pypi/download/psutil/7.1.3/psutil-7.1.3-cp314-cp314t-manylinux2010_x86_64.manylinux_2_12_x86_64.manylinux_2_28_x86_64.whl", hash = "sha256:8f33a3702e167783a9213db10ad29650ebf383946e91bc77f28a5eb083496bc9" },
    { url = "https://pkgs.dev.azure.com/Inspirit365/291cb36b-11d7-44b8-9cc7-317627dc6450/_packaging/a8352924-8236-4137-89f6-428456c77903/pypi/download/psutil/7.1.3/psutil-7.1.3-cp314-cp314t-manylinux2014_aarch64.manylinux_2_17_aarch64.manylinux_2_28_aarch64.whl", hash = "sha256:fac9cd332c67f4422504297889da5ab7e05fd11e3c4392140f7370f4208ded1f" },
    { url = "https://pkgs.dev.azure.com/Inspirit365/291cb36b-11d7-44b8-9cc7-317627dc6450/_packaging/a8352924-8236-4137-89f6-428456c77903/pypi/download/psutil/7.1.3/psutil-7.1.3-cp314-cp314t-win_amd64.whl", hash = "sha256:3792983e23b69843aea49c8f5b8f115572c5ab64c153bada5270086a2123c7e7" },
    { url = "https://pkgs.dev.azure.com/Inspirit365/291cb36b-11d7-44b8-9cc7-317627dc6450/_packaging/a8352924-8236-4137-89f6-428456c77903/pypi/download/psutil/7.1.3/psutil-7.1.3-cp314-cp314t-win_arm64.whl", hash = "sha256:31d77fcedb7529f27bb3a0472bea9334349f9a04160e8e6e5020f22c59893264" },
    { url = "https://pkgs.dev.azure.com/Inspirit365/291cb36b-11d7-44b8-9cc7-317627dc6450/_packaging/a8352924-8236-4137-89f6-428456c77903/pypi/download/psutil/7.1.3/psutil-7.1.3-cp36-abi3-macosx_10_9_x86_64.whl", hash = "sha256:2bdbcd0e58ca14996a42adf3621a6244f1bb2e2e528886959c72cf1e326677ab" },
    { url = "https://pkgs.dev.azure.com/Inspirit365/291cb36b-11d7-44b8-9cc7-317627dc6450/_packaging/a8352924-8236-4137-89f6-428456c77903/pypi/download/psutil/7.1.3/psutil-7.1.3-cp36-abi3-macosx_11_0_arm64.whl", hash = "sha256:bc31fa00f1fbc3c3802141eede66f3a2d51d89716a194bf2cd6fc68310a19880" },
    { url = "https://pkgs.dev.azure.com/Inspirit365/291cb36b-11d7-44b8-9cc7-317627dc6450/_packaging/a8352924-8236-4137-89f6-428456c77903/pypi/download/psutil/7.1.3/psutil-7.1.3-cp36-abi3-manylinux2010_x86_64.manylinux_2_12_x86_64.manylinux_2_28_x86_64.whl", hash = "sha256:3bb428f9f05c1225a558f53e30ccbad9930b11c3fc206836242de1091d3e7dd3" },
    { url = "https://pkgs.dev.azure.com/Inspirit365/291cb36b-11d7-44b8-9cc7-317627dc6450/_packaging/a8352924-8236-4137-89f6-428456c77903/pypi/download/psutil/7.1.3/psutil-7.1.3-cp36-abi3-manylinux2014_aarch64.manylinux_2_17_aarch64.manylinux_2_28_aarch64.whl", hash = "sha256:56d974e02ca2c8eb4812c3f76c30e28836fffc311d55d979f1465c1feeb2b68b" },
    { url = "https://pkgs.dev.azure.com/Inspirit365/291cb36b-11d7-44b8-9cc7-317627dc6450/_packaging/a8352924-8236-4137-89f6-428456c77903/pypi/download/psutil/7.1.3/psutil-7.1.3-cp37-abi3-win_amd64.whl", hash = "sha256:f39c2c19fe824b47484b96f9692932248a54c43799a84282cfe58d05a6449efd" },
    { url = "https://pkgs.dev.azure.com/Inspirit365/291cb36b-11d7-44b8-9cc7-317627dc6450/_packaging/a8352924-8236-4137-89f6-428456c77903/pypi/download/psutil/7.1.3/psutil-7.1.3-cp37-abi3-win_arm64.whl", hash = "sha256:bd0d69cee829226a761e92f28140bec9a5ee9d5b4fb4b0cc589068dbfff559b1" },
]

[[package]]
name = "pyinstaller"
version = "6.16.0"
source = { registry = "https://pkgs.dev.azure.com/Inspirit365/291cb36b-11d7-44b8-9cc7-317627dc6450/_packaging/inspirit365-dp-artifacts/pypi/simple/" }
dependencies = [
    { name = "altgraph" },
    { name = "macholib", marker = "sys_platform == 'darwin'" },
    { name = "packaging" },
    { name = "pefile", marker = "sys_platform == 'win32'" },
    { name = "pyinstaller-hooks-contrib" },
    { name = "pywin32-ctypes", marker = "sys_platform == 'win32'" },
    { name = "setuptools" },
]
sdist = { url = "https://pkgs.dev.azure.com/Inspirit365/291cb36b-11d7-44b8-9cc7-317627dc6450/_packaging/a8352924-8236-4137-89f6-428456c77903/pypi/download/pyinstaller/6.16/pyinstaller-6.16.0.tar.gz", hash = "sha256:53559fe1e041a234f2b4dcc3288ea8bdd57f7cad8a6644e422c27bb407f3edef" }
wheels = [
    { url = "https://pkgs.dev.azure.com/Inspirit365/291cb36b-11d7-44b8-9cc7-317627dc6450/_packaging/a8352924-8236-4137-89f6-428456c77903/pypi/download/pyinstaller/6.16/pyinstaller-6.16.0-py3-none-macosx_10_13_universal2.whl", hash = "sha256:7fd1c785219a87ca747c21fa92f561b0d2926a7edc06d0a0fe37f3736e00bd7a" },
    { url = "https://pkgs.dev.azure.com/Inspirit365/291cb36b-11d7-44b8-9cc7-317627dc6450/_packaging/a8352924-8236-4137-89f6-428456c77903/pypi/download/pyinstaller/6.16/pyinstaller-6.16.0-py3-none-manylinux2014_aarch64.whl", hash = "sha256:b756ddb9007b8141c5476b553351f9d97559b8af5d07f9460869bfae02be26b0" },
    { url = "https://pkgs.dev.azure.com/Inspirit365/291cb36b-11d7-44b8-9cc7-317627dc6450/_packaging/a8352924-8236-4137-89f6-428456c77903/pypi/download/pyinstaller/6.16/pyinstaller-6.16.0-py3-none-manylinux2014_i686.whl", hash = "sha256:0a48f55b85ff60f83169e10050f2759019cf1d06773ad1c4da3a411cd8751058" },
    { url = "https://pkgs.dev.azure.com/Inspirit365/291cb36b-11d7-44b8-9cc7-317627dc6450/_packaging/a8352924-8236-4137-89f6-428456c77903/pypi/download/pyinstaller/6.16/pyinstaller-6.16.0-py3-none-manylinux2014_ppc64le.whl", hash = "sha256:73ba72e04fcece92e32518bbb1e1fb5ac2892677943dfdff38e01a06e8742851" },
    { url = "https://pkgs.dev.azure.com/Inspirit365/291cb36b-11d7-44b8-9cc7-317627dc6450/_packaging/a8352924-8236-4137-89f6-428456c77903/pypi/download/pyinstaller/6.16/pyinstaller-6.16.0-py3-none-manylinux2014_s390x.whl", hash = "sha256:b1752488248f7899281b17ca3238eefb5410521291371a686a4f5830f29f52b3" },
    { url = "https://pkgs.dev.azure.com/Inspirit365/291cb36b-11d7-44b8-9cc7-317627dc6450/_packaging/a8352924-8236-4137-89f6-428456c77903/pypi/download/pyinstaller/6.16/pyinstaller-6.16.0-py3-none-manylinux2014_x86_64.whl", hash = "sha256:ba618a61627ee674d6d68e5de084ba17c707b59a4f2a856084b3999bdffbd3f0" },
    { url = "https://pkgs.dev.azure.com/Inspirit365/291cb36b-11d7-44b8-9cc7-317627dc6450/_packaging/a8352924-8236-4137-89f6-428456c77903/pypi/download/pyinstaller/6.16/pyinstaller-6.16.0-py3-none-musllinux_1_1_aarch64.whl", hash = "sha256:c8b7ef536711617e12fef4673806198872033fa06fa92326ad7fd1d84a9fa454" },
    { url = "https://pkgs.dev.azure.com/Inspirit365/291cb36b-11d7-44b8-9cc7-317627dc6450/_packaging/a8352924-8236-4137-89f6-428456c77903/pypi/download/pyinstaller/6.16/pyinstaller-6.16.0-py3-none-musllinux_1_1_x86_64.whl", hash = "sha256:d1ebf84d02c51fed19b82a8abb4df536923abd55bb684d694e1356e4ae2a0ce5" },
    { url = "https://pkgs.dev.azure.com/Inspirit365/291cb36b-11d7-44b8-9cc7-317627dc6450/_packaging/a8352924-8236-4137-89f6-428456c77903/pypi/download/pyinstaller/6.16/pyinstaller-6.16.0-py3-none-win32.whl", hash = "sha256:6d5f8617f3650ff9ef893e2ab4ddbf3c0d23d0c602ef74b5df8fbef4607840c8" },
    { url = "https://pkgs.dev.azure.com/Inspirit365/291cb36b-11d7-44b8-9cc7-317627dc6450/_packaging/a8352924-8236-4137-89f6-428456c77903/pypi/download/pyinstaller/6.16/pyinstaller-6.16.0-py3-none-win_amd64.whl", hash = "sha256:bc10eb1a787f99fea613509f55b902fbd2d8b73ff5f51ff245ea29a481d97d41" },
    { url = "https://pkgs.dev.azure.com/Inspirit365/291cb36b-11d7-44b8-9cc7-317627dc6450/_packaging/a8352924-8236-4137-89f6-428456c77903/pypi/download/pyinstaller/6.16/pyinstaller-6.16.0-py3-none-win_arm64.whl", hash = "sha256:d0af8a401de792c233c32c44b16d065ca9ab8262ee0c906835c12bdebc992a64" },
]

[[package]]
name = "pyinstaller-hooks-contrib"
version = "2025.9"
source = { registry = "https://pkgs.dev.azure.com/Inspirit365/291cb36b-11d7-44b8-9cc7-317627dc6450/_packaging/inspirit365-dp-artifacts/pypi/simple/" }
dependencies = [
    { name = "packaging" },
    { name = "setuptools" },
]
sdist = { url = "https://pkgs.dev.azure.com/Inspirit365/291cb36b-11d7-44b8-9cc7-317627dc6450/_packaging/a8352924-8236-4137-89f6-428456c77903/pypi/download/pyinstaller-hooks-contrib/2025.9/pyinstaller_hooks_contrib-2025.9.tar.gz", hash = "sha256:56e972bdaad4e9af767ed47d132362d162112260cbe488c9da7fee01f228a5a6" }
wheels = [
    { url = "https://pkgs.dev.azure.com/Inspirit365/291cb36b-11d7-44b8-9cc7-317627dc6450/_packaging/a8352924-8236-4137-89f6-428456c77903/pypi/download/pyinstaller-hooks-contrib/2025.9/pyinstaller_hooks_contrib-2025.9-py3-none-any.whl", hash = "sha256:ccbfaa49399ef6b18486a165810155e5a8d4c59b41f20dc5da81af7482aaf038" },
]

[[package]]
name = "pywin32"
version = "311"
source = { registry = "https://pkgs.dev.azure.com/Inspirit365/291cb36b-11d7-44b8-9cc7-317627dc6450/_packaging/inspirit365-dp-artifacts/pypi/simple/" }
wheels = [
    { url = "https://pkgs.dev.azure.com/Inspirit365/291cb36b-11d7-44b8-9cc7-317627dc6450/_packaging/a8352924-8236-4137-89f6-428456c77903/pypi/download/pywin32/311/pywin32-311-cp312-cp312-win32.whl", hash = "sha256:750ec6e621af2b948540032557b10a2d43b0cee2ae9758c54154d711cc852d31" },
    { url = "https://pkgs.dev.azure.com/Inspirit365/291cb36b-11d7-44b8-9cc7-317627dc6450/_packaging/a8352924-8236-4137-89f6-428456c77903/pypi/download/pywin32/311/pywin32-311-cp312-cp312-win_amd64.whl", hash = "sha256:b8c095edad5c211ff31c05223658e71bf7116daa0ecf3ad85f3201ea3190d067" },
    { url = "https://pkgs.dev.azure.com/Inspirit365/291cb36b-11d7-44b8-9cc7-317627dc6450/_packaging/a8352924-8236-4137-89f6-428456c77903/pypi/download/pywin32/311/pywin32-311-cp312-cp312-win_arm64.whl", hash = "sha256:e286f46a9a39c4a18b319c28f59b61de793654af2f395c102b4f819e584b5852" },
    { url = "https://pkgs.dev.azure.com/Inspirit365/291cb36b-11d7-44b8-9cc7-317627dc6450/_packaging/a8352924-8236-4137-89f6-428456c77903/pypi/download/pywin32/311/pywin32-311-cp313-cp313-win32.whl", hash = "sha256:f95ba5a847cba10dd8c4d8fefa9f2a6cf283b8b88ed6178fa8a6c1ab16054d0d" },
    { url = "https://pkgs.dev.azure.com/Inspirit365/291cb36b-11d7-44b8-9cc7-317627dc6450/_packaging/a8352924-8236-4137-89f6-428456c77903/pypi/download/pywin32/311/pywin32-311-cp313-cp313-win_amd64.whl", hash = "sha256:718a38f7e5b058e76aee1c56ddd06908116d35147e133427e59a3983f703a20d" },
    { url = "https://pkgs.dev.azure.com/Inspirit365/291cb36b-11d7-44b8-9cc7-317627dc6450/_packaging/a8352924-8236-4137-89f6-428456c77903/pypi/download/pywin32/311/pywin32-311-cp313-cp313-win_arm64.whl", hash = "sha256:7b4075d959648406202d92a2310cb990fea19b535c7f4a78d3f5e10b926eeb8a" },
    { url = "https://pkgs.dev.azure.com/Inspirit365/291cb36b-11d7-44b8-9cc7-317627dc6450/_packaging/a8352924-8236-4137-89f6-428456c77903/pypi/download/pywin32/311/pywin32-311-cp314-cp314-win32.whl", hash = "sha256:b7a2c10b93f8986666d0c803ee19b5990885872a7de910fc460f9b0c2fbf92ee" },
    { url = "https://pkgs.dev.azure.com/Inspirit365/291cb36b-11d7-44b8-9cc7-317627dc6450/_packaging/a8352924-8236-4137-89f6-428456c77903/pypi/download/pywin32/311/pywin32-311-cp314-cp314-win_amd64.whl", hash = "sha256:3aca44c046bd2ed8c90de9cb8427f581c479e594e99b5c0bb19b29c10fd6cb87" },
    { url = "https://pkgs.dev.azure.com/Inspirit365/291cb36b-11d7-44b8-9cc7-317627dc6450/_packaging/a8352924-8236-4137-89f6-428456c77903/pypi/download/pywin32/311/pywin32-311-cp314-cp314-win_arm64.whl", hash = "sha256:a508e2d9025764a8270f93111a970e1d0fbfc33f4153b388bb649b7eec4f9b42" },
]

[[package]]
name = "pywin32-ctypes"
version = "0.2.3"
source = { registry = "https://pkgs.dev.azure.com/Inspirit365/291cb36b-11d7-44b8-9cc7-317627dc6450/_packaging/inspirit365-dp-artifacts/pypi/simple/" }
sdist = { url = "https://pkgs.dev.azure.com/Inspirit365/291cb36b-11d7-44b8-9cc7-317627dc6450/_packaging/a8352924-8236-4137-89f6-428456c77903/pypi/download/pywin32-ctypes/0.2.3/pywin32-ctypes-0.2.3.tar.gz", hash = "sha256:d162dc04946d704503b2edc4d55f3dba5c1d539ead017afa00142c38b9885755" }
wheels = [
    { url = "https://pkgs.dev.azure.com/Inspirit365/291cb36b-11d7-44b8-9cc7-317627dc6450/_packaging/a8352924-8236-4137-89f6-428456c77903/pypi/download/pywin32-ctypes/0.2.3/pywin32_ctypes-0.2.3-py3-none-any.whl", hash = "sha256:8a1513379d709975552d202d942d9837758905c8d01eb82b8bcc30918929e7b8" },
]

[[package]]
name = "setuptools"
version = "80.9.0"
source = { registry = "https://pkgs.dev.azure.com/Inspirit365/291cb36b-11d7-44b8-9cc7-317627dc6450/_packaging/inspirit365-dp-artifacts/pypi/simple/" }
sdist = { url = "https://pkgs.dev.azure.com/Inspirit365/291cb36b-11d7-44b8-9cc7-317627dc6450/_packaging/a8352924-8236-4137-89f6-428456c77903/pypi/download/setuptools/80.9/setuptools-80.9.0.tar.gz", hash = "sha256:f36b47402ecde768dbfafc46e8e4207b4360c654f1f3bb84475f0a28628fb19c" }
wheels = [
    { url = "https://pkgs.dev.azure.com/Inspirit365/291cb36b-11d7-44b8-9cc7-317627dc6450/_packaging/a8352924-8236-4137-89f6-428456c77903/pypi/download/setuptools/80.9/setuptools-80.9.0-py3-none-any.whl", hash = "sha256:062d34222ad13e0cc312a4c02d73f059e86a4acbfbdea8f8f76b28c99f306922" },
]
